
Microsoft Visual Studio Solution File, Format Version 12.00
# Visual Studio Version 16
VisualStudioVersion = 16.0.29613.14
MinimumVisualStudioVersion = 10.0.40219.1
Project("{FAE04EC0-301F-11D3-BF4B-00C04F79EFBC}") = "WebApplication1", "WebApplication1\WebApplication1.csproj", "{1339AF16-059C-421B-A27E-C8070259B8C3}"
EndProject
Global
	GlobalSection(SolutionConfigurationPlatforms) = preSolution
		Debug|Any CPU = Debug|Any CPU
		Release|Any CPU = Release|Any CPU
	EndGlobalSection
	GlobalSection(ProjectConfigurationPlatforms) = postSolution
		{1339AF16-059C-421B-A27E-C8070259B8C3}.Debug|Any CPU.ActiveCfg = Debug|Any CPU
		{1339AF16-059C-421B-A27E-C8070259B8C3}.Debug|Any CPU.Build.0 = Debug|Any CPU
		{1339AF16-059C-421B-A27E-C8070259B8C3}.Release|Any CPU.ActiveCfg = Release|Any CPU
		{1339AF16-059C-421B-A27E-C8070259B8C3}.Release|Any CPU.Build.0 = Release|Any CPU
	EndGlobalSection
	GlobalSection(SolutionProperties) = preSolution
		HideSolutionNode = FALSE
	EndGlobalSection
	GlobalSection(ExtensibilityGlobals) = postSolution
		SolutionGuid = {20A22B65-2B2A-465F-8FE0-E3E0C1F05A56}
	EndGlobalSection
EndGlobal
